
Microsoft Visual Studio Solution File, Format Version 12.00
# Visual Studio Version 16
VisualStudioVersion = 16.0.32002.261
MinimumVisualStudioVersion = 10.0.40219.1
Project("{FAE04EC0-301F-11D3-BF4B-00C04F79EFBC}") = "SocialNetwork", "SocialNetwork\SocialNetwork.csproj", "{A60AAB6A-3422-4FF5-8C62-791179E7F243}"
EndProject
Project("{FAE04EC0-301F-11D3-BF4B-00C04F79EFBC}") = "Database", "Database\Database.csproj", "{BC65FC91-8EE0-41AC-8FA7-BE0C516AE367}"
EndProject
Global
	GlobalSection(SolutionConfigurationPlatforms) = preSolution
		Debug|Any CPU = Debug|Any CPU
		Release|Any CPU = Release|Any CPU
	EndGlobalSection
	GlobalSection(ProjectConfigurationPlatforms) = postSolution
		{A60AAB6A-3422-4FF5-8C62-791179E7F243}.Debug|Any CPU.ActiveCfg = Debug|Any CPU
		{A60AAB6A-3422-4FF5-8C62-791179E7F243}.Debug|Any CPU.Build.0 = Debug|Any CPU
		{A60AAB6A-3422-4FF5-8C62-791179E7F243}.Release|Any CPU.ActiveCfg = Release|Any CPU
		{A60AAB6A-3422-4FF5-8C62-791179E7F243}.Release|Any CPU.Build.0 = Release|Any CPU
		{BC65FC91-8EE0-41AC-8FA7-BE0C516AE367}.Debug|Any CPU.ActiveCfg = Debug|Any CPU
		{BC65FC91-8EE0-41AC-8FA7-BE0C516AE367}.Debug|Any CPU.Build.0 = Debug|Any CPU
		{BC65FC91-8EE0-41AC-8FA7-BE0C516AE367}.Release|Any CPU.ActiveCfg = Release|Any CPU
		{BC65FC91-8EE0-41AC-8FA7-BE0C516AE367}.Release|Any CPU.Build.0 = Release|Any CPU
	EndGlobalSection
	GlobalSection(SolutionProperties) = preSolution
		HideSolutionNode = FALSE
	EndGlobalSection
	GlobalSection(ExtensibilityGlobals) = postSolution
		SolutionGuid = {B577D43B-ED27-4F35-BE28-C97999352554}
	EndGlobalSection
EndGlobal
